// !$*UTF8*$!
{
	archiveVersion = 1;
	classes = {
	};
	objectVersion = 50;
	objects = {

/* Begin PBXBuildFile section */
		7BACA62D22C209C800021118 /* AppDelegate.m in Sources */ = {isa = PBXBuildFile; fileRef = 7BACA62C22C209C800021118 /* AppDelegate.m */; };
		7BACA63022C209C800021118 /* ViewController.m in Sources */ = {isa = PBXBuildFile; fileRef = 7BACA62F22C209C800021118 /* ViewController.m */; };
		7BACA63322C209C900021118 /* Main.storyboard in Resources */ = {isa = PBXBuildFile; fileRef = 7BACA63122C209C900021118 /* Main.storyboard */; };
		7BACA63522C209DF00021118 /* Assets.xcassets in Resources */ = {isa = PBXBuildFile; fileRef = 7BACA63422C209DF00021118 /* Assets.xcassets */; };
		7BACA63822C209DF00021118 /* LaunchScreen.storyboard in Resources */ = {isa = PBXBuildFile; fileRef = 7BACA63622C209DF00021118 /* LaunchScreen.storyboard */; };
		7BACA63B22C209DF00021118 /* main.m in Sources */ = {isa = PBXBuildFile; fileRef = 7BACA63A22C209DF00021118 /* main.m */; };
		7BACA64522C209DF00021118 /* flsTestTests.m in Sources */ = {isa = PBXBuildFile; fileRef = 7BACA64422C209DF00021118 /* flsTestTests.m */; };
		7BACA65022C209DF00021118 /* flsTestUITests.m in Sources */ = {isa = PBXBuildFile; fileRef = 7BACA64F22C209DF00021118 /* flsTestUITests.m */; };
/* End PBXBuildFile section */

/* Begin PBXContainerItemProxy section */
		7BACA64122C209DF00021118 /* PBXContainerItemProxy */ = {
			isa = PBXContainerItemProxy;
			containerPortal = 7BACA62022C209C800021118 /* Project object */;
			proxyType = 1;
			remoteGlobalIDString = 7BACA62722C209C800021118;
			remoteInfo = flsTest;
		};
		7BACA64C22C209DF00021118 /* PBXContainerItemProxy */ = {
			isa = PBXContainerItemProxy;
			containerPortal = 7BACA62022C209C800021118 /* Project object */;
			proxyType = 1;
			remoteGlobalIDString = 7BACA62722C209C800021118;
			remoteInfo = flsTest;
		};
/* End PBXContainerItemProxy section */

/* Begin PBXFileReference section */
		7BACA62822C209C800021118 /* flsTest.app */ = {isa = PBXFileReference; explicitFileType = wrapper.application; includeInIndex = 0; path = flsTest.app; sourceTree = BUILT_PRODUCTS_DIR; };
		7BACA62B22C209C800021118 /* AppDelegate.h */ = {isa = PBXFileReference; lastKnownFileType = sourcecode.c.h; path = AppDelegate.h; sourceTree = "<group>"; };
		7BACA62C22C209C800021118 /* AppDelegate.m */ = {isa = PBXFileReference; lastKnownFileType = sourcecode.c.objc; path = AppDelegate.m; sourceTree = "<group>"; };
		7BACA62E22C209C800021118 /* ViewController.h */ = {isa = PBXFileReference; lastKnownFileType = sourcecode.c.h; path = ViewController.h; sourceTree = "<group>"; };
		7BACA62F22C209C800021118 /* ViewController.m */ = {isa = PBXFileReference; lastKnownFileType = sourcecode.c.objc; path = ViewController.m; sourceTree = "<group>"; };
		7BACA63222C209C900021118 /* Base */ = {isa = PBXFileReference; lastKnownFileType = file.storyboard; name = Base; path = Base.lproj/Main.storyboard; sourceTree = "<group>"; };
		7BACA63422C209DF00021118 /* Assets.xcassets */ = {isa = PBXFileReference; lastKnownFileType = folder.assetcatalog; path = Assets.xcassets; sourceTree = "<group>"; };
		7BACA63722C209DF00021118 /* Base */ = {isa = PBXFileReference; lastKnownFileType = file.storyboard; name = Base; path = Base.lproj/LaunchScreen.storyboard; sourceTree = "<group>"; };
		7BACA63922C209DF00021118 /* Info.plist */ = {isa = PBXFileReference; lastKnownFileType = text.plist.xml; path = Info.plist; sourceTree = "<group>"; };
		7BACA63A22C209DF00021118 /* main.m */ = {isa = PBXFileReference; lastKnownFileType = sourcecode.c.objc; path = main.m; sourceTree = "<group>"; };
		7BACA64022C209DF00021118 /* flsTestTests.xctest */ = {isa = PBXFileReference; explicitFileType = wrapper.cfbundle; includeInIndex = 0; path = flsTestTests.xctest; sourceTree = BUILT_PRODUCTS_DIR; };
		7BACA64422C209DF00021118 /* flsTestTests.m */ = {isa = PBXFileReference; lastKnownFileType = sourcecode.c.objc; path = flsTestTests.m; sourceTree = "<group>"; };
		7BACA64622C209DF00021118 /* Info.plist */ = {isa = PBXFileReference; lastKnownFileType = text.plist.xml; path = Info.plist; sourceTree = "<group>"; };
		7BACA64B22C209DF00021118 /* flsTestUITests.xctest */ = {isa = PBXFileReference; explicitFileType = wrapper.cfbundle; includeInIndex = 0; path = flsTestUITests.xctest; sourceTree = BUILT_PRODUCTS_DIR; };
		7BACA64F22C209DF00021118 /* flsTestUITests.m */ = {isa = PBXFileReference; lastKnownFileType = sourcecode.c.objc; path = flsTestUITests.m; sourceTree = "<group>"; };
		7BACA65122C209DF00021118 /* Info.plist */ = {isa = PBXFileReference; lastKnownFileType = text.plist.xml; path = Info.plist; sourceTree = "<group>"; };
/* End PBXFileReference section */

/* Begin PBXFrameworksBuildPhase section */
		7BACA62522C209C800021118 /* Frameworks */ = {
			isa = PBXFrameworksBuildPhase;
			buildActionMask = 2147483647;
			files = (
			);
			runOnlyForDeploymentPostprocessing = 0;
		};
		7BACA63D22C209DF00021118 /* Frameworks */ = {
			isa = PBXFrameworksBuildPhase;
			buildActionMask = 2147483647;
			files = (
			);
			runOnlyForDeploymentPostprocessing = 0;
		};
		7BACA64822C209DF00021118 /* Frameworks */ = {
			isa = PBXFrameworksBuildPhase;
			buildActionMask = 2147483647;
			files = (
			);
			runOnlyForDeploymentPostprocessing = 0;
		};
/* End PBXFrameworksBuildPhase section */

/* Begin PBXGroup section */
		7BACA61F22C209C800021118 = {
			isa = PBXGroup;
			children = (
				7BACA62A22C209C800021118 /* flsTest */,
				7BACA64322C209DF00021118 /* flsTestTests */,
				7BACA64E22C209DF00021118 /* flsTestUITests */,
				7BACA62922C209C800021118 /* Products */,
			);
			sourceTree = "<group>";
		};
		7BACA62922C209C800021118 /* Products */ = {
			isa = PBXGroup;
			children = (
				7BACA62822C209C800021118 /* flsTest.app */,
				7BACA64022C209DF00021118 /* flsTestTests.xctest */,
				7BACA64B22C209DF00021118 /* flsTestUITests.xctest */,
			);
			name = Products;
			sourceTree = "<group>";
		};
		7BACA62A22C209C800021118 /* flsTest */ = {
			isa = PBXGroup;
			children = (
				7BACA62B22C209C800021118 /* AppDelegate.h */,
				7BACA62C22C209C800021118 /* AppDelegate.m */,
				7BACA62E22C209C800021118 /* ViewController.h */,
				7BACA62F22C209C800021118 /* ViewController.m */,
				7BACA63122C209C900021118 /* Main.storyboard */,
				7BACA63422C209DF00021118 /* Assets.xcassets */,
				7BACA63622C209DF00021118 /* LaunchScreen.storyboard */,
				7BACA63922C209DF00021118 /* Info.plist */,
				7BACA63A22C209DF00021118 /* main.m */,
			);
			path = flsTest;
			sourceTree = "<group>";
		};
		7BACA64322C209DF00021118 /* flsTestTests */ = {
			isa = PBXGroup;
			children = (
				7BACA64422C209DF00021118 /* flsTestTests.m */,
				7BACA64622C209DF00021118 /* Info.plist */,
			);
			path = flsTestTests;
			sourceTree = "<group>";
		};
		7BACA64E22C209DF00021118 /* flsTestUITests */ = {
			isa = PBXGroup;
			children = (
				7BACA64F22C209DF00021118 /* flsTestUITests.m */,
				7BACA65122C209DF00021118 /* Info.plist */,
			);
			path = flsTestUITests;
			sourceTree = "<group>";
		};
/* End PBXGroup section */

/* Begin PBXNativeTarget section */
		7BACA62722C209C800021118 /* flsTest */ = {
			isa = PBXNativeTarget;
			buildConfigurationList = 7BACA65422C209DF00021118 /* Build configuration list for PBXNativeTarget "flsTest" */;
			buildPhases = (
				7BACA62422C209C800021118 /* Sources */,
				7BACA62522C209C800021118 /* Frameworks */,
				7BACA62622C209C800021118 /* Resources */,
			);
			buildRules = (
			);
			dependencies = (
			);
			name = flsTest;
			productName = flsTest;
			productReference = 7BACA62822C209C800021118 /* flsTest.app */;
			productType = "com.apple.product-type.application";
		};
		7BACA63F22C209DF00021118 /* flsTestTests */ = {
			isa = PBXNativeTarget;
			buildConfigurationList = 7BACA65722C209DF00021118 /* Build configuration list for PBXNativeTarget "flsTestTests" */;
			buildPhases = (
				7BACA63C22C209DF00021118 /* Sources */,
				7BACA63D22C209DF00021118 /* Frameworks */,
				7BACA63E22C209DF00021118 /* Resources */,
			);
			buildRules = (
			);
			dependencies = (
				7BACA64222C209DF00021118 /* PBXTargetDependency */,
			);
			name = flsTestTests;
			productName = flsTestTests;
			productReference = 7BACA64022C209DF00021118 /* flsTestTests.xctest */;
			productType = "com.apple.product-type.bundle.unit-test";
		};
		7BACA64A22C209DF00021118 /* flsTestUITests */ = {
			isa = PBXNativeTarget;
			buildConfigurationList = 7BACA65A22C209DF00021118 /* Build configuration list for PBXNativeTarget "flsTestUITests" */;
			buildPhases = (
				7BACA64722C209DF00021118 /* Sources */,
				7BACA64822C209DF00021118 /* Frameworks */,
				7BACA64922C209DF00021118 /* Resources */,
			);
			buildRules = (
			);
			dependencies = (
				7BACA64D22C209DF00021118 /* PBXTargetDependency */,
			);
			name = flsTestUITests;
			productName = flsTestUITests;
			productReference = 7BACA64B22C209DF00021118 /* flsTestUITests.xctest */;
			productType = "com.apple.product-type.bundle.ui-testing";
		};
/* End PBXNativeTarget section */

/* Begin PBXProject section */
		7BACA62022C209C800021118 /* Project object */ = {
			isa = PBXProject;
			attributes = {
				LastUpgradeCheck = 1020;
				ORGANIZATIONNAME = aquarobotman;
				TargetAttributes = {
					7BACA62722C209C800021118 = {
						CreatedOnToolsVersion = 10.2.1;
					};
					7BACA63F22C209DF00021118 = {
						CreatedOnToolsVersion = 10.2.1;
						TestTargetID = 7BACA62722C209C800021118;
					};
					7BACA64A22C209DF00021118 = {
						CreatedOnToolsVersion = 10.2.1;
						TestTargetID = 7BACA62722C209C800021118;
					};
				};
			};
			buildConfigurationList = 7BACA62322C209C800021118 /* Build configuration list for PBXProject "flsTest" */;
			compatibilityVersion = "Xcode 9.3";
			developmentRegion = en;
			hasScannedForEncodings = 0;
			knownRegions = (
				en,
				Base,
			);
			mainGroup = 7BACA61F22C209C800021118;
			productRefGroup = 7BACA62922C209C800021118 /* Products */;
			projectDirPath = "";
			projectRoot = "";
			targets = (
				7BACA62722C209C800021118 /* flsTest */,
				7BACA63F22C209DF00021118 /* flsTestTests */,
				7BACA64A22C209DF00021118 /* flsTestUITests */,
			);
		};
/* End PBXProject section */

/* Begin PBXResourcesBuildPhase section */
		7BACA62622C209C800021118 /* Resources */ = {
			isa = PBXResourcesBuildPhase;
			buildActionMask = 2147483647;
			files = (
				7BACA63822C209DF00021118 /* LaunchScreen.storyboard in Resources */,
				7BACA63522C209DF00021118 /* Assets.xcassets in Resources */,
				7BACA63322C209C900021118 /* Main.storyboard in Resources */,
			);
			runOnlyForDeploymentPostprocessing = 0;
		};
		7BACA63E22C209DF00021118 /* Resources */ = {
			isa = PBXResourcesBuildPhase;
			buildActionMask = 2147483647;
			files = (
			);
			runOnlyForDeploymentPostprocessing = 0;
		};
		7BACA64922C209DF00021118 /* Resources */ = {
			isa = PBXResourcesBuildPhase;
			buildActionMask = 2147483647;
			files = (
			);
			runOnlyForDeploymentPostprocessing = 0;
		};
/* End PBXResourcesBuildPhase section */

/* Begin PBXSourcesBuildPhase section */
		7BACA62422C209C800021118 /* Sources */ = {
			isa = PBXSourcesBuildPhase;
			buildActionMask = 2147483647;
			files = (
				7BACA63022C209C800021118 /* ViewController.m in Sources */,
				7BACA63B22C209DF00021118 /* main.m in Sources */,
				7BACA62D22C209C800021118 /* AppDelegate.m in Sources */,
			);
			runOnlyForDeploymentPostprocessing = 0;
		};
		7BACA63C22C209DF00021118 /* Sources */ = {
			isa = PBXSourcesBuildPhase;
			buildActionMask = 2147483647;
			files = (
				7BACA64522C209DF00021118 /* flsTestTests.m in Sources */,
			);
			runOnlyForDeploymentPostprocessing = 0;
		};
		7BACA64722C209DF00021118 /* Sources */ = {
			isa = PBXSourcesBuildPhase;
			buildActionMask = 2147483647;
			files = (
				7BACA65022C209DF00021118 /* flsTestUITests.m in Sources */,
			);
			runOnlyForDeploymentPostprocessing = 0;
		};
/* End PBXSourcesBuildPhase section */

/* Begin PBXTargetDependency section */
		7BACA64222C209DF00021118 /* PBXTargetDependency */ = {
			isa = PBXTargetDependency;
			target = 7BACA62722C209C800021118 /* flsTest */;
			targetProxy = 7BACA64122C209DF00021118 /* PBXContainerItemProxy */;
		};
		7BACA64D22C209DF00021118 /* PBXTargetDependency */ = {
			isa = PBXTargetDependency;
			target = 7BACA62722C209C800021118 /* flsTest */;
			targetProxy = 7BACA64C22C209DF00021118 /* PBXContainerItemProxy */;
		};
/* End PBXTargetDependency section */

/* Begin PBXVariantGroup section */
		7BACA63122C209C900021118 /* Main.storyboard */ = {
			isa = PBXVariantGroup;
			children = (
				7BACA63222C209C900021118 /* Base */,
			);
			name = Main.storyboard;
			sourceTree = "<group>";
		};
		7BACA63622C209DF00021118 /* LaunchScreen.storyboard */ = {
			isa = PBXVariantGroup;
			children = (
				7BACA63722C209DF00021118 /* Base */,
			);
			name = LaunchScreen.storyboard;
			sourceTree = "<group>";
		};
/* End PBXVariantGroup section */

/* Begin XCBuildConfiguration section */
		7BACA65222C209DF00021118 /* Debug */ = {
			isa = XCBuildConfiguration;
			buildSettings = {
				ALWAYS_SEARCH_USER_PATHS = NO;
				CLANG_ANALYZER_NONNULL = YES;
				CLANG_ANALYZER_NUMBER_OBJECT_CONVERSION = YES_AGGRESSIVE;
				CLANG_CXX_LANGUAGE_STANDARD = "gnu++14";
				CLANG_CXX_LIBRARY = "libc++";
				CLANG_ENABLE_MODULES = YES;
				CLANG_ENABLE_OBJC_ARC = YES;
				CLANG_ENABLE_OBJC_WEAK = YES;
				CLANG_WARN_BLOCK_CAPTURE_AUTORELEASING = YES;
				CLANG_WARN_BOOL_CONVERSION = YES;
				CLANG_WARN_COMMA = YES;
				CLANG_WARN_CONSTANT_CONVERSION = YES;
				CLANG_WARN_DEPRECATED_OBJC_IMPLEMENTATIONS = YES;
				CLANG_WARN_DIRECT_OBJC_ISA_USAGE = YES_ERROR;
				CLANG_WARN_DOCUMENTATION_COMMENTS = YES;
				CLANG_WARN_EMPTY_BODY = YES;
				CLANG_WARN_ENUM_CONVERSION = YES;
				CLANG_WARN_INFINITE_RECURSION = YES;
				CLANG_WARN_INT_CONVERSION = YES;
				CLANG_WARN_NON_LITERAL_NULL_CONVERSION = YES;
				CLANG_WARN_OBJC_IMPLICIT_RETAIN_SELF = YES;
				CLANG_WARN_OBJC_LITERAL_CONVERSION = YES;
				CLANG_WARN_OBJC_ROOT_CLASS = YES_ERROR;
				CLANG_WARN_RANGE_LOOP_ANALYSIS = YES;
				CLANG_WARN_STRICT_PROTOTYPES = YES;
				CLANG_WARN_SUSPICIOUS_MOVE = YES;
				CLANG_WARN_UNGUARDED_AVAILABILITY = YES_AGGRESSIVE;
				CLANG_WARN_UNREACHABLE_CODE = YES;
				CLANG_WARN__DUPLICATE_METHOD_MATCH = YES;
				CODE_SIGN_IDENTITY = "iPhone Developer";
				COPY_PHASE_STRIP = NO;
				DEBUG_INFORMATION_FORMAT = dwarf;
				ENABLE_STRICT_OBJC_MSGSEND = YES;
				ENABLE_TESTABILITY = YES;
				GCC_C_LANGUAGE_STANDARD = gnu11;
				GCC_DYNAMIC_NO_PIC = NO;
				GCC_NO_COMMON_BLOCKS = YES;
				GCC_OPTIMIZATION_LEVEL = 0;
				GCC_PREPROCESSOR_DEFINITIONS = (
					"DEBUG=1",
					"$(inherited)",
				);
				GCC_WARN_64_TO_32_BIT_CONVERSION = YES;
				GCC_WARN_ABOUT_RETURN_TYPE = YES_ERROR;
				GCC_WARN_UNDECLARED_SELECTOR = YES;
				GCC_WARN_UNINITIALIZED_AUTOS = YES_AGGRESSIVE;
				GCC_WARN_UNUSED_FUNCTION = YES;
				GCC_WARN_UNUSED_VARIABLE = YES;
				IPHONEOS_DEPLOYMENT_TARGET = 12.2;
				MTL_ENABLE_DEBUG_INFO = INCLUDE_SOURCE;
				MTL_FAST_MATH = YES;
				ONLY_ACTIVE_ARCH = YES;
				SDKROOT = iphoneos;
			};
			name = Debug;
		};
		7BACA65322C209DF00021118 /* Release */ = {
			isa = XCBuildConfiguration;
			buildSettings = {
				ALWAYS_SEARCH_USER_PATHS = NO;
				CLANG_ANALYZER_NONNULL = YES;
				CLANG_ANALYZER_NUMBER_OBJECT_CONVERSION = YES_AGGRESSIVE;
				CLANG_CXX_LANGUAGE_STANDARD = "gnu++14";
				CLANG_CXX_LIBRARY = "libc++";
				CLANG_ENABLE_MODULES = YES;
				CLANG_ENABLE_OBJC_ARC = YES;
				CLANG_ENABLE_OBJC_WEAK = YES;
				CLANG_WARN_BLOCK_CAPTURE_AUTORELEASING = YES;
				CLANG_WARN_BOOL_CONVERSION = YES;
				CLANG_WARN_COMMA = YES;
				CLANG_WARN_CONSTANT_CONVERSION = YES;
				CLANG_WARN_DEPRECATED_OBJC_IMPLEMENTATIONS = YES;
				CLANG_WARN_DIRECT_OBJC_ISA_USAGE = YES_ERROR;
				CLANG_WARN_DOCUMENTATION_COMMENTS = YES;
				CLANG_WARN_EMPTY_BODY = YES;
				CLANG_WARN_ENUM_CONVERSION = YES;
				CLANG_WARN_INFINITE_RECURSION = YES;
				CLANG_WARN_INT_CONVERSION = YES;
				CLANG_WARN_NON_LITERAL_NULL_CONVERSION = YES;
				CLANG_WARN_OBJC_IMPLICIT_RETAIN_SELF = YES;
				CLANG_WARN_OBJC_LITERAL_CONVERSION = YES;
				CLANG_WARN_OBJC_ROOT_CLASS = YES_ERROR;
				CLANG_WARN_RANGE_LOOP_ANALYSIS = YES;
				CLANG_WARN_STRICT_PROTOTYPES = YES;
				CLANG_WARN_SUSPICIOUS_MOVE = YES;
				CLANG_WARN_UNGUARDED_AVAILABILITY = YES_AGGRESSIVE;
				CLANG_WARN_UNREACHABLE_CODE = YES;
				CLANG_WARN__DUPLICATE_METHOD_MATCH = YES;
				CODE_SIGN_IDENTITY = "iPhone Developer";
				COPY_PHASE_STRIP = NO;
				DEBUG_INFORMATION_FORMAT = "dwarf-with-dsym";
				ENABLE_NS_ASSERTIONS = NO;
				ENABLE_STRICT_OBJC_MSGSEND = YES;
				GCC_C_LANGUAGE_STANDARD = gnu11;
				GCC_NO_COMMON_BLOCKS = YES;
				GCC_WARN_64_TO_32_BIT_CONVERSION = YES;
				GCC_WARN_ABOUT_RETURN_TYPE = YES_ERROR;
				GCC_WARN_UNDECLARED_SELECTOR = YES;
				GCC_WARN_UNINITIALIZED_AUTOS = YES_AGGRESSIVE;
				GCC_WARN_UNUSED_FUNCTION = YES;
				GCC_WARN_UNUSED_VARIABLE = YES;
				IPHONEOS_DEPLOYMENT_TARGET = 12.2;
				MTL_ENABLE_DEBUG_INFO = NO;
				MTL_FAST_MATH = YES;
				SDKROOT = iphoneos;
				VALIDATE_PRODUCT = YES;
			};
			name = Release;
		};
		7BACA65522C209DF00021118 /* Debug */ = {
			isa = XCBuildConfiguration;
			buildSettings = {
				ASSETCATALOG_COMPILER_APPICON_NAME = AppIcon;
				CODE_SIGN_STYLE = Automatic;
				DEVELOPMENT_TEAM = P44BD7W6VR;
				INFOPLIST_FILE = flsTest/Info.plist;
				LD_RUNPATH_SEARCH_PATHS = (
					"$(inherited)",
					"@executable_path/Frameworks",
				);
				PRODUCT_BUNDLE_IDENTIFIER = com.s.flsTest;
				PRODUCT_NAME = "$(TARGET_NAME)";
				TARGETED_DEVICE_FAMILY = "1,2";
			};
			name = Debug;
		};
		7BACA65622C209DF00021118 /* Release */ = {
			isa = XCBuildConfiguration;
			buildSettings = {
				ASSETCATALOG_COMPILER_APPICON_NAME = AppIcon;
				CODE_SIGN_STYLE = Automatic;
				DEVELOPMENT_TEAM = P44BD7W6VR;
				INFOPLIST_FILE = flsTest/Info.plist;
				LD_RUNPATH_SEARCH_PATHS = (
					"$(inherited)",
					"@executable_path/Frameworks",
				);
				PRODUCT_BUNDLE_IDENTIFIER = com.s.flsTest;
				PRODUCT_NAME = "$(TARGET_NAME)";
				TARGETED_DEVICE_FAMILY = "1,2";
			};
			name = Release;
		};
		7BACA65822C209DF00021118 /* Debug */ = {
			isa = XCBuildConfiguration;
			buildSettings = {
				BUNDLE_LOADER = "$(TEST_HOST)";
				CODE_SIGN_STYLE = Automatic;
				DEVELOPMENT_TEAM = P44BD7W6VR;
				INFOPLIST_FILE = flsTestTests/Info.plist;
				LD_RUNPATH_SEARCH_PATHS = (
					"$(inherited)",
					"@executable_path/Frameworks",
					"@loader_path/Frameworks",
				);
				PRODUCT_BUNDLE_IDENTIFIER = com.s.flsTestTests;
				PRODUCT_NAME = "$(TARGET_NAME)";
				TARGETED_DEVICE_FAMILY = "1,2";
				TEST_HOST = "$(BUILT_PRODUCTS_DIR)/flsTest.app/flsTest";
			};
			name = Debug;
		};
		7BACA65922C209DF00021118 /* Release */ = {
			isa = XCBuildConfiguration;
			buildSettings = {
				BUNDLE_LOADER = "$(TEST_HOST)";
				CODE_SIGN_STYLE = Automatic;
				DEVELOPMENT_TEAM = P44BD7W6VR;
				INFOPLIST_FILE = flsTestTests/Info.plist;
				LD_RUNPATH_SEARCH_PATHS = (
					"$(inherited)",
					"@executable_path/Frameworks",
					"@loader_path/Frameworks",
				);
				PRODUCT_BUNDLE_IDENTIFIER = com.s.flsTestTests;
				PRODUCT_NAME = "$(TARGET_NAME)";
				TARGETED_DEVICE_FAMILY = "1,2";
				TEST_HOST = "$(BUILT_PRODUCTS_DIR)/flsTest.app/flsTest";
			};
			name = Release;
		};
		7BACA65B22C209DF00021118 /* Debug */ = {
			isa = XCBuildConfiguration;
			buildSettings = {
				CODE_SIGN_STYLE = Automatic;
				DEVELOPMENT_TEAM = P44BD7W6VR;
				INFOPLIST_FILE = flsTestUITests/Info.plist;
				LD_RUNPATH_SEARCH_PATHS = (
					"$(inherited)",
					"@executable_path/Frameworks",
					"@loader_path/Frameworks",
				);
				PRODUCT_BUNDLE_IDENTIFIER = com.s.flsTestUITests;
				PRODUCT_NAME = "$(TARGET_NAME)";
				TARGETED_DEVICE_FAMILY = "1,2";
				TEST_TARGET_NAME = flsTest;
			};
			name = Debug;
		};
		7BACA65C22C209DF00021118 /* Release */ = {
			isa = XCBuildConfiguration;
			buildSettings = {
				CODE_SIGN_STYLE = Automatic;
				DEVELOPMENT_TEAM = P44BD7W6VR;
				INFOPLIST_FILE = flsTestUITests/Info.plist;
				LD_RUNPATH_SEARCH_PATHS = (
					"$(inherited)",
					"@executable_path/Frameworks",
					"@loader_path/Frameworks",
				);
				PRODUCT_BUNDLE_IDENTIFIER = com.s.flsTestUITests;
				PRODUCT_NAME = "$(TARGET_NAME)";
				TARGETED_DEVICE_FAMILY = "1,2";
				TEST_TARGET_NAME = flsTest;
			};
			name = Release;
		};
/* End XCBuildConfiguration section */

/* Begin XCConfigurationList section */
		7BACA62322C209C800021118 /* Build configuration list for PBXProject "flsTest" */ = {
			isa = XCConfigurationList;
			buildConfigurations = (
				7BACA65222C209DF00021118 /* Debug */,
				7BACA65322C209DF00021118 /* Release */,
			);
			defaultConfigurationIsVisible = 0;
			defaultConfigurationName = Release;
		};
		7BACA65422C209DF00021118 /* Build configuration list for PBXNativeTarget "flsTest" */ = {
			isa = XCConfigurationList;
			buildConfigurations = (
				7BACA65522C209DF00021118 /* Debug */,
				7BACA65622C209DF00021118 /* Release */,
			);
			defaultConfigurationIsVisible = 0;
			defaultConfigurationName = Release;
		};
		7BACA65722C209DF00021118 /* Build configuration list for PBXNativeTarget "flsTestTests" */ = {
			isa = XCConfigurationList;
			buildConfigurations = (
				7BACA65822C209DF00021118 /* Debug */,
				7BACA65922C209DF00021118 /* Release */,
			);
			defaultConfigurationIsVisible = 0;
			defaultConfigurationName = Release;
		};
		7BACA65A22C209DF00021118 /* Build configuration list for PBXNativeTarget "flsTestUITests" */ = {
			isa = XCConfigurationList;
			buildConfigurations = (
				7BACA65B22C209DF00021118 /* Debug */,
				7BACA65C22C209DF00021118 /* Release */,
			);
			defaultConfigurationIsVisible = 0;
			defaultConfigurationName = Release;
		};
/* End XCConfigurationList section */
	};
	rootObject = 7BACA62022C209C800021118 /* Project object */;
}
